
Microsoft Visual Studio Solution File, Format Version 12.00
# Visual Studio 15
VisualStudioVersion = 15.0.28307.572
MinimumVisualStudioVersion = 10.0.40219.1
Project("{9A19103F-16F7-4668-BE54-9A1E7A4F7556}") = "CoreTest", "CoreTest\CoreTest.csproj", "{470CDE51-9CDA-471B-827F-2EF175CFD4F8}"
EndProject
Project("{FAE04EC0-301F-11D3-BF4B-00C04F79EFBC}") = "MVC", "MVC\MVC.csproj", "{7D99E6CD-213B-4C71-BCC3-38231F0D9AC9}"
EndProject
Project("{FAE04EC0-301F-11D3-BF4B-00C04F79EFBC}") = "Service", "Service\Service.csproj", "{9733F3A3-100A-4869-96B9-2EA9BDB29F78}"
EndProject
Project("{FAE04EC0-301F-11D3-BF4B-00C04F79EFBC}") = "Test", "Test\Test.csproj", "{FC533A0F-35CB-4E76-8FCC-0E4C2FEFCA9A}"
EndProject
Global
	GlobalSection(SolutionConfigurationPlatforms) = preSolution
		Debug|Any CPU = Debug|Any CPU
		Release|Any CPU = Release|Any CPU
	EndGlobalSection
	GlobalSection(ProjectConfigurationPlatforms) = postSolution
		{470CDE51-9CDA-471B-827F-2EF175CFD4F8}.Debug|Any CPU.ActiveCfg = Debug|Any CPU
		{470CDE51-9CDA-471B-827F-2EF175CFD4F8}.Debug|Any CPU.Build.0 = Debug|Any CPU
		{470CDE51-9CDA-471B-827F-2EF175CFD4F8}.Release|Any CPU.ActiveCfg = Release|Any CPU
		{470CDE51-9CDA-471B-827F-2EF175CFD4F8}.Release|Any CPU.Build.0 = Release|Any CPU
		{7D99E6CD-213B-4C71-BCC3-38231F0D9AC9}.Debug|Any CPU.ActiveCfg = Debug|Any CPU
		{7D99E6CD-213B-4C71-BCC3-38231F0D9AC9}.Debug|Any CPU.Build.0 = Debug|Any CPU
		{7D99E6CD-213B-4C71-BCC3-38231F0D9AC9}.Release|Any CPU.ActiveCfg = Release|Any CPU
		{7D99E6CD-213B-4C71-BCC3-38231F0D9AC9}.Release|Any CPU.Build.0 = Release|Any CPU
		{9733F3A3-100A-4869-96B9-2EA9BDB29F78}.Debug|Any CPU.ActiveCfg = Debug|Any CPU
		{9733F3A3-100A-4869-96B9-2EA9BDB29F78}.Debug|Any CPU.Build.0 = Debug|Any CPU
		{9733F3A3-100A-4869-96B9-2EA9BDB29F78}.Release|Any CPU.ActiveCfg = Release|Any CPU
		{9733F3A3-100A-4869-96B9-2EA9BDB29F78}.Release|Any CPU.Build.0 = Release|Any CPU
		{FC533A0F-35CB-4E76-8FCC-0E4C2FEFCA9A}.Debug|Any CPU.ActiveCfg = Debug|Any CPU
		{FC533A0F-35CB-4E76-8FCC-0E4C2FEFCA9A}.Debug|Any CPU.Build.0 = Debug|Any CPU
		{FC533A0F-35CB-4E76-8FCC-0E4C2FEFCA9A}.Release|Any CPU.ActiveCfg = Release|Any CPU
		{FC533A0F-35CB-4E76-8FCC-0E4C2FEFCA9A}.Release|Any CPU.Build.0 = Release|Any CPU
	EndGlobalSection
	GlobalSection(SolutionProperties) = preSolution
		HideSolutionNode = FALSE
	EndGlobalSection
	GlobalSection(ExtensibilityGlobals) = postSolution
		SolutionGuid = {4CF3E316-B59D-4644-A674-F5993090C897}
	EndGlobalSection
EndGlobal
