
Microsoft Visual Studio Solution File, Format Version 12.00
# Visual Studio 15
VisualStudioVersion = 15.0.28307.572
MinimumVisualStudioVersion = 10.0.40219.1
Project("{FAE04EC0-301F-11D3-BF4B-00C04F79EFBC}") = "CoreTest", "CoreTest\CoreTest.csproj", "{470CDE51-9CDA-471B-827F-2EF175CFD4F8}"
EndProject
Global
	GlobalSection(SolutionConfigurationPlatforms) = preSolution
		Debug|Any CPU = Debug|Any CPU
		Release|Any CPU = Release|Any CPU
	EndGlobalSection
	GlobalSection(ProjectConfigurationPlatforms) = postSolution
		{470CDE51-9CDA-471B-827F-2EF175CFD4F8}.Debug|Any CPU.ActiveCfg = Debug|Any CPU
		{470CDE51-9CDA-471B-827F-2EF175CFD4F8}.Debug|Any CPU.Build.0 = Debug|Any CPU
		{470CDE51-9CDA-471B-827F-2EF175CFD4F8}.Release|Any CPU.ActiveCfg = Release|Any CPU
		{470CDE51-9CDA-471B-827F-2EF175CFD4F8}.Release|Any CPU.Build.0 = Release|Any CPU
	EndGlobalSection
	GlobalSection(SolutionProperties) = preSolution
		HideSolutionNode = FALSE
	EndGlobalSection
	GlobalSection(ExtensibilityGlobals) = postSolution
		SolutionGuid = {4CF3E316-B59D-4644-A674-F5993090C897}
	EndGlobalSection
EndGlobal
